
Microsoft Visual Studio Solution File, Format Version 12.00
# Visual Studio Version 17
VisualStudioVersion = 17.9.34723.18
MinimumVisualStudioVersion = 10.0.40219.1
Project("{FAE04EC0-301F-11D3-BF4B-00C04F79EFBC}") = "SideBar Application", "SideBar Application.csproj", "{85FF7F10-743E-491A-9CC3-12CC08EF906D}"
EndProject
Global
	GlobalSection(SolutionConfigurationPlatforms) = preSolution
		Debug|Any CPU = Debug|Any CPU
		Release|Any CPU = Release|Any CPU
	EndGlobalSection
	GlobalSection(ProjectConfigurationPlatforms) = postSolution
		{85FF7F10-743E-491A-9CC3-12CC08EF906D}.Debug|Any CPU.ActiveCfg = Debug|Any CPU
		{85FF7F10-743E-491A-9CC3-12CC08EF906D}.Debug|Any CPU.Build.0 = Debug|Any CPU
		{85FF7F10-743E-491A-9CC3-12CC08EF906D}.Release|Any CPU.ActiveCfg = Release|Any CPU
		{85FF7F10-743E-491A-9CC3-12CC08EF906D}.Release|Any CPU.Build.0 = Release|Any CPU
	EndGlobalSection
	GlobalSection(SolutionProperties) = preSolution
		HideSolutionNode = FALSE
	EndGlobalSection
	GlobalSection(ExtensibilityGlobals) = postSolution
		SolutionGuid = {BAE35980-4876-4D2B-A6A3-EC281D877521}
	EndGlobalSection
EndGlobal
