
Microsoft Visual Studio Solution File, Format Version 12.00
# Visual Studio Version 17
VisualStudioVersion = 17.9.34723.18
MinimumVisualStudioVersion = 10.0.40219.1
Project("{FAE04EC0-301F-11D3-BF4B-00C04F79EFBC}") = "Calculator", "Calculator.csproj", "{CC43E432-80DF-4174-8DA6-F25709A18CC5}"
EndProject
Global
	GlobalSection(SolutionConfigurationPlatforms) = preSolution
		Debug|Any CPU = Debug|Any CPU
		Release|Any CPU = Release|Any CPU
	EndGlobalSection
	GlobalSection(ProjectConfigurationPlatforms) = postSolution
		{CC43E432-80DF-4174-8DA6-F25709A18CC5}.Debug|Any CPU.ActiveCfg = Debug|Any CPU
		{CC43E432-80DF-4174-8DA6-F25709A18CC5}.Debug|Any CPU.Build.0 = Debug|Any CPU
		{CC43E432-80DF-4174-8DA6-F25709A18CC5}.Release|Any CPU.ActiveCfg = Release|Any CPU
		{CC43E432-80DF-4174-8DA6-F25709A18CC5}.Release|Any CPU.Build.0 = Release|Any CPU
	EndGlobalSection
	GlobalSection(SolutionProperties) = preSolution
		HideSolutionNode = FALSE
	EndGlobalSection
	GlobalSection(ExtensibilityGlobals) = postSolution
		SolutionGuid = {0EED1B2C-5A2B-4704-A3B3-5A255AC5035E}
	EndGlobalSection
EndGlobal
